// !$*UTF8*$!
{
	archiveVersion = 1;
	classes = {
	};
	objectVersion = 50;
	objects = {

/* Begin PBXBuildFile section */
		5BC2573CC4D8016ABAF0F4FF /* Pods_VKapp_AntonSamonin.framework in Frameworks */ = {isa = PBXBuildFile; fileRef = CF026641397D16980DE7E953 /* Pods_VKapp_AntonSamonin.framework */; };
		77017652215246D60088EA42 /* AppDelegate.swift in Sources */ = {isa = PBXBuildFile; fileRef = 77017651215246D60088EA42 /* AppDelegate.swift */; };
		77017657215246D60088EA42 /* Main.storyboard in Resources */ = {isa = PBXBuildFile; fileRef = 77017655215246D60088EA42 /* Main.storyboard */; };
		77017659215246D80088EA42 /* Assets.xcassets in Resources */ = {isa = PBXBuildFile; fileRef = 77017658215246D80088EA42 /* Assets.xcassets */; };
		7701765C215246D80088EA42 /* LaunchScreen.storyboard in Resources */ = {isa = PBXBuildFile; fileRef = 7701765A215246D80088EA42 /* LaunchScreen.storyboard */; };
		77017664215247290088EA42 /* LoginFormController.swift in Sources */ = {isa = PBXBuildFile; fileRef = 77017663215247290088EA42 /* LoginFormController.swift */; };
		770D623F21A2BA770002AD9A /* DataBaseService.swift in Sources */ = {isa = PBXBuildFile; fileRef = 770D623E21A2BA770002AD9A /* DataBaseService.swift */; };
		770D626421A752960002AD9A /* RealmChanges.swift in Sources */ = {isa = PBXBuildFile; fileRef = 770D626321A752950002AD9A /* RealmChanges.swift */; };
		7733228021C8F7AC00718E7A /* NewsFeedController.swift in Sources */ = {isa = PBXBuildFile; fileRef = 7733227F21C8F7AC00718E7A /* NewsFeedController.swift */; };
		7733228321C8FA6800718E7A /* NewsFeedPostCell.swift in Sources */ = {isa = PBXBuildFile; fileRef = 7733228121C8FA6800718E7A /* NewsFeedPostCell.swift */; };
		7733228421C8FA6800718E7A /* NewsFeedPostCell.xib in Resources */ = {isa = PBXBuildFile; fileRef = 7733228221C8FA6800718E7A /* NewsFeedPostCell.xib */; };
		7733228721C911BA00718E7A /* NewsFeedPhotoCell.swift in Sources */ = {isa = PBXBuildFile; fileRef = 7733228521C911BA00718E7A /* NewsFeedPhotoCell.swift */; };
		7733228821C911BA00718E7A /* NewsFeedPhotoCell.xib in Resources */ = {isa = PBXBuildFile; fileRef = 7733228621C911BA00718E7A /* NewsFeedPhotoCell.xib */; };
		7743B318215A6D300060EA70 /* MyFriendsController.swift in Sources */ = {isa = PBXBuildFile; fileRef = 7743B317215A6D300060EA70 /* MyFriendsController.swift */; };
		7743B31A215A6DC30060EA70 /* MyFriendsCell.swift in Sources */ = {isa = PBXBuildFile; fileRef = 7743B319215A6DC30060EA70 /* MyFriendsCell.swift */; };
		7743B31E215A6ECD0060EA70 /* MyGroupsController.swift in Sources */ = {isa = PBXBuildFile; fileRef = 7743B31D215A6ECD0060EA70 /* MyGroupsController.swift */; };
		7743B320215A6F590060EA70 /* MyGroupsCell.swift in Sources */ = {isa = PBXBuildFile; fileRef = 7743B31F215A6F590060EA70 /* MyGroupsCell.swift */; };
		7743B323215A70250060EA70 /* AllGroupsController.swift in Sources */ = {isa = PBXBuildFile; fileRef = 7743B322215A70250060EA70 /* AllGroupsController.swift */; };
		7743B325215A704A0060EA70 /* AllGroupsCell.swift in Sources */ = {isa = PBXBuildFile; fileRef = 7743B324215A704A0060EA70 /* AllGroupsCell.swift */; };
		7743B328215A71790060EA70 /* FriendsPhotoController.swift in Sources */ = {isa = PBXBuildFile; fileRef = 7743B327215A71790060EA70 /* FriendsPhotoController.swift */; };
		7743B32A215A71A90060EA70 /* FriendsPhotoCell.swift in Sources */ = {isa = PBXBuildFile; fileRef = 7743B329215A71A90060EA70 /* FriendsPhotoCell.swift */; };
		774E9BAA2179FF72000DC7CB /* Post.swift in Sources */ = {isa = PBXBuildFile; fileRef = 774E9BA92179FF72000DC7CB /* Post.swift */; };
		774E9BCC217D1C53000DC7CB /* OpenPhoto.swift in Sources */ = {isa = PBXBuildFile; fileRef = 774E9BCB217D1C53000DC7CB /* OpenPhoto.swift */; };
		77551ADE216E0BD60048ECAD /* LikeControl.swift in Sources */ = {isa = PBXBuildFile; fileRef = 77551ADD216E0BD60048ECAD /* LikeControl.swift */; };
		77551AE0216E266B0048ECAD /* LikeButton.swift in Sources */ = {isa = PBXBuildFile; fileRef = 77551ADF216E266B0048ECAD /* LikeButton.swift */; };
		7764353521C7B7560079B1A5 /* GoogleService-Info.plist in Resources */ = {isa = PBXBuildFile; fileRef = 7764353421C7B7560079B1A5 /* GoogleService-Info.plist */; };
		7764353721C7EB5E0079B1A5 /* FirebaseUser.swift in Sources */ = {isa = PBXBuildFile; fileRef = 7764353621C7EB5E0079B1A5 /* FirebaseUser.swift */; };
		777F4F08218DB14200AA92B0 /* VKAutorizationViewController.swift in Sources */ = {isa = PBXBuildFile; fileRef = 777F4F07218DB14200AA92B0 /* VKAutorizationViewController.swift */; };
		777F4F0C219199E600AA92B0 /* VKService.swift in Sources */ = {isa = PBXBuildFile; fileRef = 777F4F0B219199E600AA92B0 /* VKService.swift */; };
		779661C52196F13900152351 /* User.swift in Sources */ = {isa = PBXBuildFile; fileRef = 779661C42196F13800152351 /* User.swift */; };
		779661C72198C5C300152351 /* Group.swift in Sources */ = {isa = PBXBuildFile; fileRef = 779661C62198C5C300152351 /* Group.swift */; };
		779661C92199754400152351 /* Photo.swift in Sources */ = {isa = PBXBuildFile; fileRef = 779661C82199754400152351 /* Photo.swift */; };
		77A498C7217E0ADD00DEF28C /* CustomIndicator.swift in Sources */ = {isa = PBXBuildFile; fileRef = 77A498C6217E0ADD00DEF28C /* CustomIndicator.swift */; };
		77A97943218996D4007EBF89 /* Session.swift in Sources */ = {isa = PBXBuildFile; fileRef = 77A97942218996D4007EBF89 /* Session.swift */; };
		77DEC6DA21CBE03400FFBB0A /* NewsGroup.swift in Sources */ = {isa = PBXBuildFile; fileRef = 77DEC6D921CBE03400FFBB0A /* NewsGroup.swift */; };
		77DEC6DC21CBE15F00FFBB0A /* NewsProfile.swift in Sources */ = {isa = PBXBuildFile; fileRef = 77DEC6DB21CBE15F00FFBB0A /* NewsProfile.swift */; };
		77E9A8DE216D13FE005A52CE /* AvatarView.swift in Sources */ = {isa = PBXBuildFile; fileRef = 77E9A8DD216D13FE005A52CE /* AvatarView.swift */; };
/* End PBXBuildFile section */

/* Begin PBXFileReference section */
		7701764E215246D60088EA42 /* VKapp_AntonSamonin.app */ = {isa = PBXFileReference; explicitFileType = wrapper.application; includeInIndex = 0; path = VKapp_AntonSamonin.app; sourceTree = BUILT_PRODUCTS_DIR; };
		77017651215246D60088EA42 /* AppDelegate.swift */ = {isa = PBXFileReference; lastKnownFileType = sourcecode.swift; path = AppDelegate.swift; sourceTree = "<group>"; };
		77017656215246D60088EA42 /* Base */ = {isa = PBXFileReference; lastKnownFileType = file.storyboard; name = Base; path = Base.lproj/Main.storyboard; sourceTree = "<group>"; };
		77017658215246D80088EA42 /* Assets.xcassets */ = {isa = PBXFileReference; lastKnownFileType = folder.assetcatalog; path = Assets.xcassets; sourceTree = "<group>"; };
		7701765B215246D80088EA42 /* Base */ = {isa = PBXFileReference; lastKnownFileType = file.storyboard; name = Base; path = Base.lproj/LaunchScreen.storyboard; sourceTree = "<group>"; };
		7701765D215246D80088EA42 /* Info.plist */ = {isa = PBXFileReference; lastKnownFileType = text.plist.xml; path = Info.plist; sourceTree = "<group>"; };
		77017663215247290088EA42 /* LoginFormController.swift */ = {isa = PBXFileReference; lastKnownFileType = sourcecode.swift; path = LoginFormController.swift; sourceTree = "<group>"; };
		770D623E21A2BA770002AD9A /* DataBaseService.swift */ = {isa = PBXFileReference; fileEncoding = 4; lastKnownFileType = sourcecode.swift; path = DataBaseService.swift; sourceTree = "<group>"; };
		770D626321A752950002AD9A /* RealmChanges.swift */ = {isa = PBXFileReference; fileEncoding = 4; lastKnownFileType = sourcecode.swift; path = RealmChanges.swift; sourceTree = "<group>"; };
		7733227F21C8F7AC00718E7A /* NewsFeedController.swift */ = {isa = PBXFileReference; lastKnownFileType = sourcecode.swift; path = NewsFeedController.swift; sourceTree = "<group>"; };
		7733228121C8FA6800718E7A /* NewsFeedPostCell.swift */ = {isa = PBXFileReference; lastKnownFileType = sourcecode.swift; path = NewsFeedPostCell.swift; sourceTree = "<group>"; };
		7733228221C8FA6800718E7A /* NewsFeedPostCell.xib */ = {isa = PBXFileReference; lastKnownFileType = file.xib; path = NewsFeedPostCell.xib; sourceTree = "<group>"; };
		7733228521C911BA00718E7A /* NewsFeedPhotoCell.swift */ = {isa = PBXFileReference; lastKnownFileType = sourcecode.swift; path = NewsFeedPhotoCell.swift; sourceTree = "<group>"; };
		7733228621C911BA00718E7A /* NewsFeedPhotoCell.xib */ = {isa = PBXFileReference; lastKnownFileType = file.xib; path = NewsFeedPhotoCell.xib; sourceTree = "<group>"; };
		7743B317215A6D300060EA70 /* MyFriendsController.swift */ = {isa = PBXFileReference; lastKnownFileType = sourcecode.swift; path = MyFriendsController.swift; sourceTree = "<group>"; };
		7743B319215A6DC30060EA70 /* MyFriendsCell.swift */ = {isa = PBXFileReference; lastKnownFileType = sourcecode.swift; path = MyFriendsCell.swift; sourceTree = "<group>"; };
		7743B31D215A6ECD0060EA70 /* MyGroupsController.swift */ = {isa = PBXFileReference; lastKnownFileType = sourcecode.swift; path = MyGroupsController.swift; sourceTree = "<group>"; };
		7743B31F215A6F590060EA70 /* MyGroupsCell.swift */ = {isa = PBXFileReference; lastKnownFileType = sourcecode.swift; path = MyGroupsCell.swift; sourceTree = "<group>"; };
		7743B322215A70250060EA70 /* AllGroupsController.swift */ = {isa = PBXFileReference; lastKnownFileType = sourcecode.swift; path = AllGroupsController.swift; sourceTree = "<group>"; };
		7743B324215A704A0060EA70 /* AllGroupsCell.swift */ = {isa = PBXFileReference; lastKnownFileType = sourcecode.swift; path = AllGroupsCell.swift; sourceTree = "<group>"; };
		7743B327215A71790060EA70 /* FriendsPhotoController.swift */ = {isa = PBXFileReference; lastKnownFileType = sourcecode.swift; path = FriendsPhotoController.swift; sourceTree = "<group>"; };
		7743B329215A71A90060EA70 /* FriendsPhotoCell.swift */ = {isa = PBXFileReference; lastKnownFileType = sourcecode.swift; path = FriendsPhotoCell.swift; sourceTree = "<group>"; };
		774E9BA92179FF72000DC7CB /* Post.swift */ = {isa = PBXFileReference; lastKnownFileType = sourcecode.swift; path = Post.swift; sourceTree = "<group>"; };
		774E9BCB217D1C53000DC7CB /* OpenPhoto.swift */ = {isa = PBXFileReference; lastKnownFileType = sourcecode.swift; path = OpenPhoto.swift; sourceTree = "<group>"; };
		77551ADD216E0BD60048ECAD /* LikeControl.swift */ = {isa = PBXFileReference; lastKnownFileType = sourcecode.swift; path = LikeControl.swift; sourceTree = "<group>"; };
		77551ADF216E266B0048ECAD /* LikeButton.swift */ = {isa = PBXFileReference; lastKnownFileType = sourcecode.swift; path = LikeButton.swift; sourceTree = "<group>"; };
		7764353421C7B7560079B1A5 /* GoogleService-Info.plist */ = {isa = PBXFileReference; fileEncoding = 4; lastKnownFileType = text.plist.xml; path = "GoogleService-Info.plist"; sourceTree = "<group>"; };
		7764353621C7EB5E0079B1A5 /* FirebaseUser.swift */ = {isa = PBXFileReference; lastKnownFileType = sourcecode.swift; path = FirebaseUser.swift; sourceTree = "<group>"; };
		777F4F07218DB14200AA92B0 /* VKAutorizationViewController.swift */ = {isa = PBXFileReference; lastKnownFileType = sourcecode.swift; path = VKAutorizationViewController.swift; sourceTree = "<group>"; };
		777F4F0B219199E600AA92B0 /* VKService.swift */ = {isa = PBXFileReference; lastKnownFileType = sourcecode.swift; path = VKService.swift; sourceTree = "<group>"; };
		779661C42196F13800152351 /* User.swift */ = {isa = PBXFileReference; lastKnownFileType = sourcecode.swift; path = User.swift; sourceTree = "<group>"; };
		779661C62198C5C300152351 /* Group.swift */ = {isa = PBXFileReference; lastKnownFileType = sourcecode.swift; path = Group.swift; sourceTree = "<group>"; };
		779661C82199754400152351 /* Photo.swift */ = {isa = PBXFileReference; lastKnownFileType = sourcecode.swift; path = Photo.swift; sourceTree = "<group>"; };
		77A498C6217E0ADD00DEF28C /* CustomIndicator.swift */ = {isa = PBXFileReference; lastKnownFileType = sourcecode.swift; path = CustomIndicator.swift; sourceTree = "<group>"; };
		77A97942218996D4007EBF89 /* Session.swift */ = {isa = PBXFileReference; lastKnownFileType = sourcecode.swift; path = Session.swift; sourceTree = "<group>"; };
		77DEC6D921CBE03400FFBB0A /* NewsGroup.swift */ = {isa = PBXFileReference; lastKnownFileType = sourcecode.swift; path = NewsGroup.swift; sourceTree = "<group>"; };
		77DEC6DB21CBE15F00FFBB0A /* NewsProfile.swift */ = {isa = PBXFileReference; lastKnownFileType = sourcecode.swift; path = NewsProfile.swift; sourceTree = "<group>"; };
		77E9A8DD216D13FE005A52CE /* AvatarView.swift */ = {isa = PBXFileReference; lastKnownFileType = sourcecode.swift; path = AvatarView.swift; sourceTree = "<group>"; };
		8BACFDCA63556721E769D7DB /* Pods-VKapp_AntonSamonin.debug.xcconfig */ = {isa = PBXFileReference; includeInIndex = 1; lastKnownFileType = text.xcconfig; name = "Pods-VKapp_AntonSamonin.debug.xcconfig"; path = "Pods/Target Support Files/Pods-VKapp_AntonSamonin/Pods-VKapp_AntonSamonin.debug.xcconfig"; sourceTree = "<group>"; };
		CB0D8808693C105BBD9B5F65 /* Pods-VKapp_AntonSamonin.release.xcconfig */ = {isa = PBXFileReference; includeInIndex = 1; lastKnownFileType = text.xcconfig; name = "Pods-VKapp_AntonSamonin.release.xcconfig"; path = "Pods/Target Support Files/Pods-VKapp_AntonSamonin/Pods-VKapp_AntonSamonin.release.xcconfig"; sourceTree = "<group>"; };
		CF026641397D16980DE7E953 /* Pods_VKapp_AntonSamonin.framework */ = {isa = PBXFileReference; explicitFileType = wrapper.framework; includeInIndex = 0; path = Pods_VKapp_AntonSamonin.framework; sourceTree = BUILT_PRODUCTS_DIR; };
/* End PBXFileReference section */

/* Begin PBXFrameworksBuildPhase section */
		7701764B215246D60088EA42 /* Frameworks */ = {
			isa = PBXFrameworksBuildPhase;
			buildActionMask = 2147483647;
			files = (
				5BC2573CC4D8016ABAF0F4FF /* Pods_VKapp_AntonSamonin.framework in Frameworks */,
			);
			runOnlyForDeploymentPostprocessing = 0;
		};
/* End PBXFrameworksBuildPhase section */

/* Begin PBXGroup section */
		090B66F0BC352EE28692D037 /* Frameworks */ = {
			isa = PBXGroup;
			children = (
				CF026641397D16980DE7E953 /* Pods_VKapp_AntonSamonin.framework */,
			);
			name = Frameworks;
			sourceTree = "<group>";
		};
		6B251FCF9D7AA3BCF161A94C /* Pods */ = {
			isa = PBXGroup;
			children = (
				8BACFDCA63556721E769D7DB /* Pods-VKapp_AntonSamonin.debug.xcconfig */,
				CB0D8808693C105BBD9B5F65 /* Pods-VKapp_AntonSamonin.release.xcconfig */,
			);
			name = Pods;
			sourceTree = "<group>";
		};
		77017645215246D60088EA42 = {
			isa = PBXGroup;
			children = (
				77017650215246D60088EA42 /* VKapp_AntonSamonin */,
				7701764F215246D60088EA42 /* Products */,
				6B251FCF9D7AA3BCF161A94C /* Pods */,
				090B66F0BC352EE28692D037 /* Frameworks */,
			);
			sourceTree = "<group>";
		};
		7701764F215246D60088EA42 /* Products */ = {
			isa = PBXGroup;
			children = (
				7701764E215246D60088EA42 /* VKapp_AntonSamonin.app */,
			);
			name = Products;
			sourceTree = "<group>";
		};
		77017650215246D60088EA42 /* VKapp_AntonSamonin */ = {
			isa = PBXGroup;
			children = (
				770D624021A2BE3D0002AD9A /* Networking */,
				77A979412189964C007EBF89 /* Controller */,
				77A9794021899641007EBF89 /* View */,
				77A9793F21899634007EBF89 /* Model */,
				77017651215246D60088EA42 /* AppDelegate.swift */,
				77017658215246D80088EA42 /* Assets.xcassets */,
				7701765D215246D80088EA42 /* Info.plist */,
				7764353421C7B7560079B1A5 /* GoogleService-Info.plist */,
			);
			path = VKapp_AntonSamonin;
			sourceTree = "<group>";
		};
		770D624021A2BE3D0002AD9A /* Networking */ = {
			isa = PBXGroup;
			children = (
				770D623E21A2BA770002AD9A /* DataBaseService.swift */,
				770D626321A752950002AD9A /* RealmChanges.swift */,
				777F4F0B219199E600AA92B0 /* VKService.swift */,
			);
			path = Networking;
			sourceTree = "<group>";
		};
		7743B316215A6CDE0060EA70 /* MyFriends */ = {
			isa = PBXGroup;
			children = (
				7743B317215A6D300060EA70 /* MyFriendsController.swift */,
				7743B319215A6DC30060EA70 /* MyFriendsCell.swift */,
				77E9A8DD216D13FE005A52CE /* AvatarView.swift */,
			);
			path = MyFriends;
			sourceTree = "<group>";
		};
		7743B31C215A6E910060EA70 /* MyGroups */ = {
			isa = PBXGroup;
			children = (
				7743B31D215A6ECD0060EA70 /* MyGroupsController.swift */,
				7743B31F215A6F590060EA70 /* MyGroupsCell.swift */,
			);
			path = MyGroups;
			sourceTree = "<group>";
		};
		7743B321215A6FF70060EA70 /* AllGroups */ = {
			isa = PBXGroup;
			children = (
				7743B322215A70250060EA70 /* AllGroupsController.swift */,
				7743B324215A704A0060EA70 /* AllGroupsCell.swift */,
			);
			path = AllGroups;
			sourceTree = "<group>";
		};
		7743B326215A711D0060EA70 /* FriendsPhoto */ = {
			isa = PBXGroup;
			children = (
				7743B327215A71790060EA70 /* FriendsPhotoController.swift */,
				7743B329215A71A90060EA70 /* FriendsPhotoCell.swift */,
				774E9BCB217D1C53000DC7CB /* OpenPhoto.swift */,
			);
			path = FriendsPhoto;
			sourceTree = "<group>";
		};
		774E9BA22178F13F000DC7CB /* News */ = {
			isa = PBXGroup;
			children = (
				7733227F21C8F7AC00718E7A /* NewsFeedController.swift */,
				7733228121C8FA6800718E7A /* NewsFeedPostCell.swift */,
				7733228221C8FA6800718E7A /* NewsFeedPostCell.xib */,
				7733228521C911BA00718E7A /* NewsFeedPhotoCell.swift */,
				7733228621C911BA00718E7A /* NewsFeedPhotoCell.xib */,
			);
			path = News;
			sourceTree = "<group>";
		};
		77551ADC216E0BAC0048ECAD /* Controls */ = {
			isa = PBXGroup;
			children = (
				77551ADD216E0BD60048ECAD /* LikeControl.swift */,
				77551ADF216E266B0048ECAD /* LikeButton.swift */,
				77A498C6217E0ADD00DEF28C /* CustomIndicator.swift */,
			);
			path = Controls;
			sourceTree = "<group>";
		};
		77A9793F21899634007EBF89 /* Model */ = {
			isa = PBXGroup;
			children = (
				77DEC6D621CBCE3200FFBB0A /* News */,
				77A97942218996D4007EBF89 /* Session.swift */,
				779661C42196F13800152351 /* User.swift */,
				779661C62198C5C300152351 /* Group.swift */,
				779661C82199754400152351 /* Photo.swift */,
				7764353621C7EB5E0079B1A5 /* FirebaseUser.swift */,
			);
			path = Model;
			sourceTree = "<group>";
		};
		77A9794021899641007EBF89 /* View */ = {
			isa = PBXGroup;
			children = (
				77017655215246D60088EA42 /* Main.storyboard */,
				7701765A215246D80088EA42 /* LaunchScreen.storyboard */,
			);
			path = View;
			sourceTree = "<group>";
		};
		77A979412189964C007EBF89 /* Controller */ = {
			isa = PBXGroup;
			children = (
				77017663215247290088EA42 /* LoginFormController.swift */,
				777F4F07218DB14200AA92B0 /* VKAutorizationViewController.swift */,
				77551ADC216E0BAC0048ECAD /* Controls */,
				7743B31C215A6E910060EA70 /* MyGroups */,
				7743B316215A6CDE0060EA70 /* MyFriends */,
				7743B321215A6FF70060EA70 /* AllGroups */,
				7743B326215A711D0060EA70 /* FriendsPhoto */,
				774E9BA22178F13F000DC7CB /* News */,
			);
			path = Controller;
			sourceTree = "<group>";
		};
		77DEC6D621CBCE3200FFBB0A /* News */ = {
			isa = PBXGroup;
			children = (
				774E9BA92179FF72000DC7CB /* Post.swift */,
				77DEC6D921CBE03400FFBB0A /* NewsGroup.swift */,
				77DEC6DB21CBE15F00FFBB0A /* NewsProfile.swift */,
			);
			path = News;
			sourceTree = "<group>";
		};
/* End PBXGroup section */

/* Begin PBXNativeTarget section */
		7701764D215246D60088EA42 /* VKapp_AntonSamonin */ = {
			isa = PBXNativeTarget;
			buildConfigurationList = 77017660215246D80088EA42 /* Build configuration list for PBXNativeTarget "VKapp_AntonSamonin" */;
			buildPhases = (
				2EF54464C59696423C41D43A /* [CP] Check Pods Manifest.lock */,
				7701764A215246D60088EA42 /* Sources */,
				7701764B215246D60088EA42 /* Frameworks */,
				7701764C215246D60088EA42 /* Resources */,
				0FFAC7E0E54E89CE95CC9FB6 /* [CP] Embed Pods Frameworks */,
			);
			buildRules = (
			);
			dependencies = (
			);
			name = VKapp_AntonSamonin;
			productName = VKapp_AntonSamonin;
			productReference = 7701764E215246D60088EA42 /* VKapp_AntonSamonin.app */;
			productType = "com.apple.product-type.application";
		};
/* End PBXNativeTarget section */

/* Begin PBXProject section */
		77017646215246D60088EA42 /* Project object */ = {
			isa = PBXProject;
			attributes = {
				LastSwiftUpdateCheck = 0940;
				LastUpgradeCheck = 0940;
				ORGANIZATIONNAME = AntCo;
				TargetAttributes = {
					7701764D215246D60088EA42 = {
						CreatedOnToolsVersion = 9.4.1;
						LastSwiftMigration = 1000;
					};
				};
			};
			buildConfigurationList = 77017649215246D60088EA42 /* Build configuration list for PBXProject "VKapp_AntonSamonin" */;
			compatibilityVersion = "Xcode 9.3";
			developmentRegion = en;
			hasScannedForEncodings = 0;
			knownRegions = (
				en,
				Base,
			);
			mainGroup = 77017645215246D60088EA42;
			productRefGroup = 7701764F215246D60088EA42 /* Products */;
			projectDirPath = "";
			projectRoot = "";
			targets = (
				7701764D215246D60088EA42 /* VKapp_AntonSamonin */,
			);
		};
/* End PBXProject section */

/* Begin PBXResourcesBuildPhase section */
		7701764C215246D60088EA42 /* Resources */ = {
			isa = PBXResourcesBuildPhase;
			buildActionMask = 2147483647;
			files = (
				7701765C215246D80088EA42 /* LaunchScreen.storyboard in Resources */,
				7733228821C911BA00718E7A /* NewsFeedPhotoCell.xib in Resources */,
				7764353521C7B7560079B1A5 /* GoogleService-Info.plist in Resources */,
				77017659215246D80088EA42 /* Assets.xcassets in Resources */,
				7733228421C8FA6800718E7A /* NewsFeedPostCell.xib in Resources */,
				77017657215246D60088EA42 /* Main.storyboard in Resources */,
			);
			runOnlyForDeploymentPostprocessing = 0;
		};
/* End PBXResourcesBuildPhase section */

/* Begin PBXShellScriptBuildPhase section */
		0FFAC7E0E54E89CE95CC9FB6 /* [CP] Embed Pods Frameworks */ = {
			isa = PBXShellScriptBuildPhase;
			buildActionMask = 2147483647;
			files = (
			);
			inputPaths = (
				"${SRCROOT}/Pods/Target Support Files/Pods-VKapp_AntonSamonin/Pods-VKapp_AntonSamonin-frameworks.sh",
				"${BUILT_PRODUCTS_DIR}/Alamofire/Alamofire.framework",
				"${BUILT_PRODUCTS_DIR}/GTMSessionFetcher/GTMSessionFetcher.framework",
				"${BUILT_PRODUCTS_DIR}/GoogleUtilities/GoogleUtilities.framework",
				"${BUILT_PRODUCTS_DIR}/Kingfisher/Kingfisher.framework",
				"${BUILT_PRODUCTS_DIR}/Realm/Realm.framework",
				"${BUILT_PRODUCTS_DIR}/RealmSwift/RealmSwift.framework",
				"${BUILT_PRODUCTS_DIR}/SwiftyJSON/SwiftyJSON.framework",
				"${BUILT_PRODUCTS_DIR}/leveldb-library/leveldb.framework",
				"${BUILT_PRODUCTS_DIR}/nanopb/nanopb.framework",
			);
			name = "[CP] Embed Pods Frameworks";
			outputPaths = (
				"${TARGET_BUILD_DIR}/${FRAMEWORKS_FOLDER_PATH}/Alamofire.framework",
				"${TARGET_BUILD_DIR}/${FRAMEWORKS_FOLDER_PATH}/GTMSessionFetcher.framework",
				"${TARGET_BUILD_DIR}/${FRAMEWORKS_FOLDER_PATH}/GoogleUtilities.framework",
				"${TARGET_BUILD_DIR}/${FRAMEWORKS_FOLDER_PATH}/Kingfisher.framework",
				"${TARGET_BUILD_DIR}/${FRAMEWORKS_FOLDER_PATH}/Realm.framework",
				"${TARGET_BUILD_DIR}/${FRAMEWORKS_FOLDER_PATH}/RealmSwift.framework",
				"${TARGET_BUILD_DIR}/${FRAMEWORKS_FOLDER_PATH}/SwiftyJSON.framework",
				"${TARGET_BUILD_DIR}/${FRAMEWORKS_FOLDER_PATH}/leveldb.framework",
				"${TARGET_BUILD_DIR}/${FRAMEWORKS_FOLDER_PATH}/nanopb.framework",
			);
			runOnlyForDeploymentPostprocessing = 0;
			shellPath = /bin/sh;
			shellScript = "\"${SRCROOT}/Pods/Target Support Files/Pods-VKapp_AntonSamonin/Pods-VKapp_AntonSamonin-frameworks.sh\"\n";
			showEnvVarsInLog = 0;
		};
		2EF54464C59696423C41D43A /* [CP] Check Pods Manifest.lock */ = {
			isa = PBXShellScriptBuildPhase;
			buildActionMask = 2147483647;
			files = (
			);
			inputPaths = (
				"${PODS_PODFILE_DIR_PATH}/Podfile.lock",
				"${PODS_ROOT}/Manifest.lock",
			);
			name = "[CP] Check Pods Manifest.lock";
			outputPaths = (
				"$(DERIVED_FILE_DIR)/Pods-VKapp_AntonSamonin-checkManifestLockResult.txt",
			);
			runOnlyForDeploymentPostprocessing = 0;
			shellPath = /bin/sh;
			shellScript = "diff \"${PODS_PODFILE_DIR_PATH}/Podfile.lock\" \"${PODS_ROOT}/Manifest.lock\" > /dev/null\nif [ $? != 0 ] ; then\n    # print error to STDERR\n    echo \"error: The sandbox is not in sync with the Podfile.lock. Run 'pod install' or update your CocoaPods installation.\" >&2\n    exit 1\nfi\n# This output is used by Xcode 'outputs' to avoid re-running this script phase.\necho \"SUCCESS\" > \"${SCRIPT_OUTPUT_FILE_0}\"\n";
			showEnvVarsInLog = 0;
		};
/* End PBXShellScriptBuildPhase section */

/* Begin PBXSourcesBuildPhase section */
		7701764A215246D60088EA42 /* Sources */ = {
			isa = PBXSourcesBuildPhase;
			buildActionMask = 2147483647;
			files = (
				779661C92199754400152351 /* Photo.swift in Sources */,
				777F4F0C219199E600AA92B0 /* VKService.swift in Sources */,
				7743B32A215A71A90060EA70 /* FriendsPhotoCell.swift in Sources */,
				770D626421A752960002AD9A /* RealmChanges.swift in Sources */,
				7733228321C8FA6800718E7A /* NewsFeedPostCell.swift in Sources */,
				7743B328215A71790060EA70 /* FriendsPhotoController.swift in Sources */,
				779661C72198C5C300152351 /* Group.swift in Sources */,
				77551ADE216E0BD60048ECAD /* LikeControl.swift in Sources */,
				7764353721C7EB5E0079B1A5 /* FirebaseUser.swift in Sources */,
				77A498C7217E0ADD00DEF28C /* CustomIndicator.swift in Sources */,
				7743B323215A70250060EA70 /* AllGroupsController.swift in Sources */,
				77E9A8DE216D13FE005A52CE /* AvatarView.swift in Sources */,
				77017652215246D60088EA42 /* AppDelegate.swift in Sources */,
				7743B318215A6D300060EA70 /* MyFriendsController.swift in Sources */,
				774E9BCC217D1C53000DC7CB /* OpenPhoto.swift in Sources */,
				7733228021C8F7AC00718E7A /* NewsFeedController.swift in Sources */,
				7743B31E215A6ECD0060EA70 /* MyGroupsController.swift in Sources */,
				77017664215247290088EA42 /* LoginFormController.swift in Sources */,
				77DEC6DC21CBE15F00FFBB0A /* NewsProfile.swift in Sources */,
				7743B31A215A6DC30060EA70 /* MyFriendsCell.swift in Sources */,
				777F4F08218DB14200AA92B0 /* VKAutorizationViewController.swift in Sources */,
				77DEC6DA21CBE03400FFBB0A /* NewsGroup.swift in Sources */,
				77A97943218996D4007EBF89 /* Session.swift in Sources */,
				770D623F21A2BA770002AD9A /* DataBaseService.swift in Sources */,
				774E9BAA2179FF72000DC7CB /* Post.swift in Sources */,
				7743B320215A6F590060EA70 /* MyGroupsCell.swift in Sources */,
				7743B325215A704A0060EA70 /* AllGroupsCell.swift in Sources */,
				7733228721C911BA00718E7A /* NewsFeedPhotoCell.swift in Sources */,
				779661C52196F13900152351 /* User.swift in Sources */,
				77551AE0216E266B0048ECAD /* LikeButton.swift in Sources */,
			);
			runOnlyForDeploymentPostprocessing = 0;
		};
/* End PBXSourcesBuildPhase section */

/* Begin PBXVariantGroup section */
		77017655215246D60088EA42 /* Main.storyboard */ = {
			isa = PBXVariantGroup;
			children = (
				77017656215246D60088EA42 /* Base */,
			);
			name = Main.storyboard;
			sourceTree = "<group>";
		};
		7701765A215246D80088EA42 /* LaunchScreen.storyboard */ = {
			isa = PBXVariantGroup;
			children = (
				7701765B215246D80088EA42 /* Base */,
			);
			name = LaunchScreen.storyboard;
			sourceTree = "<group>";
		};
/* End PBXVariantGroup section */

/* Begin XCBuildConfiguration section */
		7701765E215246D80088EA42 /* Debug */ = {
			isa = XCBuildConfiguration;
			buildSettings = {
				ALWAYS_SEARCH_USER_PATHS = NO;
				CLANG_ANALYZER_NONNULL = YES;
				CLANG_ANALYZER_NUMBER_OBJECT_CONVERSION = YES_AGGRESSIVE;
				CLANG_CXX_LANGUAGE_STANDARD = "gnu++14";
				CLANG_CXX_LIBRARY = "libc++";
				CLANG_ENABLE_MODULES = YES;
				CLANG_ENABLE_OBJC_ARC = YES;
				CLANG_ENABLE_OBJC_WEAK = YES;
				CLANG_WARN_BLOCK_CAPTURE_AUTORELEASING = YES;
				CLANG_WARN_BOOL_CONVERSION = YES;
				CLANG_WARN_COMMA = YES;
				CLANG_WARN_CONSTANT_CONVERSION = YES;
				CLANG_WARN_DEPRECATED_OBJC_IMPLEMENTATIONS = YES;
				CLANG_WARN_DIRECT_OBJC_ISA_USAGE = YES_ERROR;
				CLANG_WARN_DOCUMENTATION_COMMENTS = YES;
				CLANG_WARN_EMPTY_BODY = YES;
				CLANG_WARN_ENUM_CONVERSION = YES;
				CLANG_WARN_INFINITE_RECURSION = YES;
				CLANG_WARN_INT_CONVERSION = YES;
				CLANG_WARN_NON_LITERAL_NULL_CONVERSION = YES;
				CLANG_WARN_OBJC_IMPLICIT_RETAIN_SELF = YES;
				CLANG_WARN_OBJC_LITERAL_CONVERSION = YES;
				CLANG_WARN_OBJC_ROOT_CLASS = YES_ERROR;
				CLANG_WARN_RANGE_LOOP_ANALYSIS = YES;
				CLANG_WARN_STRICT_PROTOTYPES = YES;
				CLANG_WARN_SUSPICIOUS_MOVE = YES;
				CLANG_WARN_UNGUARDED_AVAILABILITY = YES_AGGRESSIVE;
				CLANG_WARN_UNREACHABLE_CODE = YES;
				CLANG_WARN__DUPLICATE_METHOD_MATCH = YES;
				CODE_SIGN_IDENTITY = "iPhone Developer";
				COPY_PHASE_STRIP = NO;
				DEBUG_INFORMATION_FORMAT = dwarf;
				ENABLE_STRICT_OBJC_MSGSEND = YES;
				ENABLE_TESTABILITY = YES;
				GCC_C_LANGUAGE_STANDARD = gnu11;
				GCC_DYNAMIC_NO_PIC = NO;
				GCC_NO_COMMON_BLOCKS = YES;
				GCC_OPTIMIZATION_LEVEL = 0;
				GCC_PREPROCESSOR_DEFINITIONS = (
					"DEBUG=1",
					"$(inherited)",
				);
				GCC_WARN_64_TO_32_BIT_CONVERSION = YES;
				GCC_WARN_ABOUT_RETURN_TYPE = YES_ERROR;
				GCC_WARN_UNDECLARED_SELECTOR = YES;
				GCC_WARN_UNINITIALIZED_AUTOS = YES_AGGRESSIVE;
				GCC_WARN_UNUSED_FUNCTION = YES;
				GCC_WARN_UNUSED_VARIABLE = YES;
				IPHONEOS_DEPLOYMENT_TARGET = 11.4;
				MTL_ENABLE_DEBUG_INFO = YES;
				ONLY_ACTIVE_ARCH = YES;
				SDKROOT = iphoneos;
				SWIFT_ACTIVE_COMPILATION_CONDITIONS = DEBUG;
				SWIFT_OPTIMIZATION_LEVEL = "-Onone";
			};
			name = Debug;
		};
		7701765F215246D80088EA42 /* Release */ = {
			isa = XCBuildConfiguration;
			buildSettings = {
				ALWAYS_SEARCH_USER_PATHS = NO;
				CLANG_ANALYZER_NONNULL = YES;
				CLANG_ANALYZER_NUMBER_OBJECT_CONVERSION = YES_AGGRESSIVE;
				CLANG_CXX_LANGUAGE_STANDARD = "gnu++14";
				CLANG_CXX_LIBRARY = "libc++";
				CLANG_ENABLE_MODULES = YES;
				CLANG_ENABLE_OBJC_ARC = YES;
				CLANG_ENABLE_OBJC_WEAK = YES;
				CLANG_WARN_BLOCK_CAPTURE_AUTORELEASING = YES;
				CLANG_WARN_BOOL_CONVERSION = YES;
				CLANG_WARN_COMMA = YES;
				CLANG_WARN_CONSTANT_CONVERSION = YES;
				CLANG_WARN_DEPRECATED_OBJC_IMPLEMENTATIONS = YES;
				CLANG_WARN_DIRECT_OBJC_ISA_USAGE = YES_ERROR;
				CLANG_WARN_DOCUMENTATION_COMMENTS = YES;
				CLANG_WARN_EMPTY_BODY = YES;
				CLANG_WARN_ENUM_CONVERSION = YES;
				CLANG_WARN_INFINITE_RECURSION = YES;
				CLANG_WARN_INT_CONVERSION = YES;
				CLANG_WARN_NON_LITERAL_NULL_CONVERSION = YES;
				CLANG_WARN_OBJC_IMPLICIT_RETAIN_SELF = YES;
				CLANG_WARN_OBJC_LITERAL_CONVERSION = YES;
				CLANG_WARN_OBJC_ROOT_CLASS = YES_ERROR;
				CLANG_WARN_RANGE_LOOP_ANALYSIS = YES;
				CLANG_WARN_STRICT_PROTOTYPES = YES;
				CLANG_WARN_SUSPICIOUS_MOVE = YES;
				CLANG_WARN_UNGUARDED_AVAILABILITY = YES_AGGRESSIVE;
				CLANG_WARN_UNREACHABLE_CODE = YES;
				CLANG_WARN__DUPLICATE_METHOD_MATCH = YES;
				CODE_SIGN_IDENTITY = "iPhone Developer";
				COPY_PHASE_STRIP = NO;
				DEBUG_INFORMATION_FORMAT = "dwarf-with-dsym";
				ENABLE_NS_ASSERTIONS = NO;
				ENABLE_STRICT_OBJC_MSGSEND = YES;
				GCC_C_LANGUAGE_STANDARD = gnu11;
				GCC_NO_COMMON_BLOCKS = YES;
				GCC_WARN_64_TO_32_BIT_CONVERSION = YES;
				GCC_WARN_ABOUT_RETURN_TYPE = YES_ERROR;
				GCC_WARN_UNDECLARED_SELECTOR = YES;
				GCC_WARN_UNINITIALIZED_AUTOS = YES_AGGRESSIVE;
				GCC_WARN_UNUSED_FUNCTION = YES;
				GCC_WARN_UNUSED_VARIABLE = YES;
				IPHONEOS_DEPLOYMENT_TARGET = 11.4;
				MTL_ENABLE_DEBUG_INFO = NO;
				SDKROOT = iphoneos;
				SWIFT_COMPILATION_MODE = wholemodule;
				SWIFT_OPTIMIZATION_LEVEL = "-O";
				VALIDATE_PRODUCT = YES;
			};
			name = Release;
		};
		77017661215246D80088EA42 /* Debug */ = {
			isa = XCBuildConfiguration;
			baseConfigurationReference = 8BACFDCA63556721E769D7DB /* Pods-VKapp_AntonSamonin.debug.xcconfig */;
			buildSettings = {
				ASSETCATALOG_COMPILER_APPICON_NAME = AppIcon;
				CODE_SIGN_STYLE = Automatic;
				DEVELOPMENT_TEAM = 5LSFA45H82;
				INFOPLIST_FILE = VKapp_AntonSamonin/Info.plist;
				LD_RUNPATH_SEARCH_PATHS = (
					"$(inherited)",
					"@executable_path/Frameworks",
				);
				PRODUCT_BUNDLE_IDENTIFIER = "AntCo.VKapp-AntonSamonin";
				PRODUCT_NAME = "$(TARGET_NAME)";
				SWIFT_VERSION = 4.2;
				TARGETED_DEVICE_FAMILY = "1,2";
			};
			name = Debug;
		};
		77017662215246D80088EA42 /* Release */ = {
			isa = XCBuildConfiguration;
			baseConfigurationReference = CB0D8808693C105BBD9B5F65 /* Pods-VKapp_AntonSamonin.release.xcconfig */;
			buildSettings = {
				ASSETCATALOG_COMPILER_APPICON_NAME = AppIcon;
				CODE_SIGN_STYLE = Automatic;
				DEVELOPMENT_TEAM = 5LSFA45H82;
				INFOPLIST_FILE = VKapp_AntonSamonin/Info.plist;
				LD_RUNPATH_SEARCH_PATHS = (
					"$(inherited)",
					"@executable_path/Frameworks",
				);
				PRODUCT_BUNDLE_IDENTIFIER = "AntCo.VKapp-AntonSamonin";
				PRODUCT_NAME = "$(TARGET_NAME)";
				SWIFT_VERSION = 4.2;
				TARGETED_DEVICE_FAMILY = "1,2";
			};
			name = Release;
		};
/* End XCBuildConfiguration section */

/* Begin XCConfigurationList section */
		77017649215246D60088EA42 /* Build configuration list for PBXProject "VKapp_AntonSamonin" */ = {
			isa = XCConfigurationList;
			buildConfigurations = (
				7701765E215246D80088EA42 /* Debug */,
				7701765F215246D80088EA42 /* Release */,
			);
			defaultConfigurationIsVisible = 0;
			defaultConfigurationName = Release;
		};
		77017660215246D80088EA42 /* Build configuration list for PBXNativeTarget "VKapp_AntonSamonin" */ = {
			isa = XCConfigurationList;
			buildConfigurations = (
				77017661215246D80088EA42 /* Debug */,
				77017662215246D80088EA42 /* Release */,
			);
			defaultConfigurationIsVisible = 0;
			defaultConfigurationName = Release;
		};
/* End XCConfigurationList section */
	};
	rootObject = 77017646215246D60088EA42 /* Project object */;
}
