// !$*UTF8*$!
{
	archiveVersion = 1;
	classes = {
	};
	objectVersion = 50;
	objects = {

/* Begin PBXBuildFile section */
		77017652215246D60088EA42 /* AppDelegate.swift in Sources */ = {isa = PBXBuildFile; fileRef = 77017651215246D60088EA42 /* AppDelegate.swift */; };
		77017657215246D60088EA42 /* Main.storyboard in Resources */ = {isa = PBXBuildFile; fileRef = 77017655215246D60088EA42 /* Main.storyboard */; };
		77017659215246D80088EA42 /* Assets.xcassets in Resources */ = {isa = PBXBuildFile; fileRef = 77017658215246D80088EA42 /* Assets.xcassets */; };
		7701765C215246D80088EA42 /* LaunchScreen.storyboard in Resources */ = {isa = PBXBuildFile; fileRef = 7701765A215246D80088EA42 /* LaunchScreen.storyboard */; };
		77017664215247290088EA42 /* LoginFormController.swift in Sources */ = {isa = PBXBuildFile; fileRef = 77017663215247290088EA42 /* LoginFormController.swift */; };
		7728517C216CC7A900D861B6 /* Friend.swift in Sources */ = {isa = PBXBuildFile; fileRef = 7728517B216CC7A900D861B6 /* Friend.swift */; };
		7728517E216CD0C300D861B6 /* Group.swift in Sources */ = {isa = PBXBuildFile; fileRef = 7728517D216CD0C300D861B6 /* Group.swift */; };
		7743B318215A6D300060EA70 /* MyFriendsController.swift in Sources */ = {isa = PBXBuildFile; fileRef = 7743B317215A6D300060EA70 /* MyFriendsController.swift */; };
		7743B31A215A6DC30060EA70 /* MyFriendsCell.swift in Sources */ = {isa = PBXBuildFile; fileRef = 7743B319215A6DC30060EA70 /* MyFriendsCell.swift */; };
		7743B31E215A6ECD0060EA70 /* MyGroupsController.swift in Sources */ = {isa = PBXBuildFile; fileRef = 7743B31D215A6ECD0060EA70 /* MyGroupsController.swift */; };
		7743B320215A6F590060EA70 /* MyGroupsCell.swift in Sources */ = {isa = PBXBuildFile; fileRef = 7743B31F215A6F590060EA70 /* MyGroupsCell.swift */; };
		7743B323215A70250060EA70 /* AllGroupsController.swift in Sources */ = {isa = PBXBuildFile; fileRef = 7743B322215A70250060EA70 /* AllGroupsController.swift */; };
		7743B325215A704A0060EA70 /* AllGroupsCell.swift in Sources */ = {isa = PBXBuildFile; fileRef = 7743B324215A704A0060EA70 /* AllGroupsCell.swift */; };
		7743B328215A71790060EA70 /* FriendsPhotoController.swift in Sources */ = {isa = PBXBuildFile; fileRef = 7743B327215A71790060EA70 /* FriendsPhotoController.swift */; };
		7743B32A215A71A90060EA70 /* FriendsPhotoCell.swift in Sources */ = {isa = PBXBuildFile; fileRef = 7743B329215A71A90060EA70 /* FriendsPhotoCell.swift */; };
		77551ADE216E0BD60048ECAD /* LikeControl.swift in Sources */ = {isa = PBXBuildFile; fileRef = 77551ADD216E0BD60048ECAD /* LikeControl.swift */; };
		77551AE0216E266B0048ECAD /* LikeButton.swift in Sources */ = {isa = PBXBuildFile; fileRef = 77551ADF216E266B0048ECAD /* LikeButton.swift */; };
		77E9A8DE216D13FE005A52CE /* AvatarView.swift in Sources */ = {isa = PBXBuildFile; fileRef = 77E9A8DD216D13FE005A52CE /* AvatarView.swift */; };
/* End PBXBuildFile section */

/* Begin PBXFileReference section */
		7701764E215246D60088EA42 /* VKapp_AntonSamonin.app */ = {isa = PBXFileReference; explicitFileType = wrapper.application; includeInIndex = 0; path = VKapp_AntonSamonin.app; sourceTree = BUILT_PRODUCTS_DIR; };
		77017651215246D60088EA42 /* AppDelegate.swift */ = {isa = PBXFileReference; lastKnownFileType = sourcecode.swift; path = AppDelegate.swift; sourceTree = "<group>"; };
		77017656215246D60088EA42 /* Base */ = {isa = PBXFileReference; lastKnownFileType = file.storyboard; name = Base; path = Base.lproj/Main.storyboard; sourceTree = "<group>"; };
		77017658215246D80088EA42 /* Assets.xcassets */ = {isa = PBXFileReference; lastKnownFileType = folder.assetcatalog; path = Assets.xcassets; sourceTree = "<group>"; };
		7701765B215246D80088EA42 /* Base */ = {isa = PBXFileReference; lastKnownFileType = file.storyboard; name = Base; path = Base.lproj/LaunchScreen.storyboard; sourceTree = "<group>"; };
		7701765D215246D80088EA42 /* Info.plist */ = {isa = PBXFileReference; lastKnownFileType = text.plist.xml; path = Info.plist; sourceTree = "<group>"; };
		77017663215247290088EA42 /* LoginFormController.swift */ = {isa = PBXFileReference; lastKnownFileType = sourcecode.swift; path = LoginFormController.swift; sourceTree = "<group>"; };
		7728517B216CC7A900D861B6 /* Friend.swift */ = {isa = PBXFileReference; lastKnownFileType = sourcecode.swift; path = Friend.swift; sourceTree = "<group>"; };
		7728517D216CD0C300D861B6 /* Group.swift */ = {isa = PBXFileReference; lastKnownFileType = sourcecode.swift; path = Group.swift; sourceTree = "<group>"; };
		7743B317215A6D300060EA70 /* MyFriendsController.swift */ = {isa = PBXFileReference; lastKnownFileType = sourcecode.swift; path = MyFriendsController.swift; sourceTree = "<group>"; };
		7743B319215A6DC30060EA70 /* MyFriendsCell.swift */ = {isa = PBXFileReference; lastKnownFileType = sourcecode.swift; path = MyFriendsCell.swift; sourceTree = "<group>"; };
		7743B31D215A6ECD0060EA70 /* MyGroupsController.swift */ = {isa = PBXFileReference; lastKnownFileType = sourcecode.swift; path = MyGroupsController.swift; sourceTree = "<group>"; };
		7743B31F215A6F590060EA70 /* MyGroupsCell.swift */ = {isa = PBXFileReference; lastKnownFileType = sourcecode.swift; path = MyGroupsCell.swift; sourceTree = "<group>"; };
		7743B322215A70250060EA70 /* AllGroupsController.swift */ = {isa = PBXFileReference; lastKnownFileType = sourcecode.swift; path = AllGroupsController.swift; sourceTree = "<group>"; };
		7743B324215A704A0060EA70 /* AllGroupsCell.swift */ = {isa = PBXFileReference; lastKnownFileType = sourcecode.swift; path = AllGroupsCell.swift; sourceTree = "<group>"; };
		7743B327215A71790060EA70 /* FriendsPhotoController.swift */ = {isa = PBXFileReference; lastKnownFileType = sourcecode.swift; path = FriendsPhotoController.swift; sourceTree = "<group>"; };
		7743B329215A71A90060EA70 /* FriendsPhotoCell.swift */ = {isa = PBXFileReference; lastKnownFileType = sourcecode.swift; path = FriendsPhotoCell.swift; sourceTree = "<group>"; };
		77551ADD216E0BD60048ECAD /* LikeControl.swift */ = {isa = PBXFileReference; lastKnownFileType = sourcecode.swift; path = LikeControl.swift; sourceTree = "<group>"; };
		77551ADF216E266B0048ECAD /* LikeButton.swift */ = {isa = PBXFileReference; lastKnownFileType = sourcecode.swift; path = LikeButton.swift; sourceTree = "<group>"; };
		77E9A8DD216D13FE005A52CE /* AvatarView.swift */ = {isa = PBXFileReference; lastKnownFileType = sourcecode.swift; path = AvatarView.swift; sourceTree = "<group>"; };
/* End PBXFileReference section */

/* Begin PBXFrameworksBuildPhase section */
		7701764B215246D60088EA42 /* Frameworks */ = {
			isa = PBXFrameworksBuildPhase;
			buildActionMask = 2147483647;
			files = (
			);
			runOnlyForDeploymentPostprocessing = 0;
		};
/* End PBXFrameworksBuildPhase section */

/* Begin PBXGroup section */
		77017645215246D60088EA42 = {
			isa = PBXGroup;
			children = (
				77017650215246D60088EA42 /* VKapp_AntonSamonin */,
				7701764F215246D60088EA42 /* Products */,
			);
			sourceTree = "<group>";
		};
		7701764F215246D60088EA42 /* Products */ = {
			isa = PBXGroup;
			children = (
				7701764E215246D60088EA42 /* VKapp_AntonSamonin.app */,
			);
			name = Products;
			sourceTree = "<group>";
		};
		77017650215246D60088EA42 /* VKapp_AntonSamonin */ = {
			isa = PBXGroup;
			children = (
				77551ADC216E0BAC0048ECAD /* Controls */,
				7743B326215A711D0060EA70 /* FriendsPhoto */,
				7743B321215A6FF70060EA70 /* AllGroups */,
				7743B316215A6CDE0060EA70 /* MyFriends */,
				7743B31C215A6E910060EA70 /* MyGroups */,
				77017651215246D60088EA42 /* AppDelegate.swift */,
				77017663215247290088EA42 /* LoginFormController.swift */,
				77017655215246D60088EA42 /* Main.storyboard */,
				77017658215246D80088EA42 /* Assets.xcassets */,
				7701765A215246D80088EA42 /* LaunchScreen.storyboard */,
				7701765D215246D80088EA42 /* Info.plist */,
			);
			path = VKapp_AntonSamonin;
			sourceTree = "<group>";
		};
		7743B316215A6CDE0060EA70 /* MyFriends */ = {
			isa = PBXGroup;
			children = (
				7743B317215A6D300060EA70 /* MyFriendsController.swift */,
				7743B319215A6DC30060EA70 /* MyFriendsCell.swift */,
				7728517B216CC7A900D861B6 /* Friend.swift */,
				77E9A8DD216D13FE005A52CE /* AvatarView.swift */,
			);
			path = MyFriends;
			sourceTree = "<group>";
		};
		7743B31C215A6E910060EA70 /* MyGroups */ = {
			isa = PBXGroup;
			children = (
				7743B31D215A6ECD0060EA70 /* MyGroupsController.swift */,
				7743B31F215A6F590060EA70 /* MyGroupsCell.swift */,
			);
			path = MyGroups;
			sourceTree = "<group>";
		};
		7743B321215A6FF70060EA70 /* AllGroups */ = {
			isa = PBXGroup;
			children = (
				7743B322215A70250060EA70 /* AllGroupsController.swift */,
				7743B324215A704A0060EA70 /* AllGroupsCell.swift */,
				7728517D216CD0C300D861B6 /* Group.swift */,
			);
			path = AllGroups;
			sourceTree = "<group>";
		};
		7743B326215A711D0060EA70 /* FriendsPhoto */ = {
			isa = PBXGroup;
			children = (
				7743B327215A71790060EA70 /* FriendsPhotoController.swift */,
				7743B329215A71A90060EA70 /* FriendsPhotoCell.swift */,
			);
			path = FriendsPhoto;
			sourceTree = "<group>";
		};
		77551ADC216E0BAC0048ECAD /* Controls */ = {
			isa = PBXGroup;
			children = (
				77551ADD216E0BD60048ECAD /* LikeControl.swift */,
				77551ADF216E266B0048ECAD /* LikeButton.swift */,
			);
			path = Controls;
			sourceTree = "<group>";
		};
/* End PBXGroup section */

/* Begin PBXNativeTarget section */
		7701764D215246D60088EA42 /* VKapp_AntonSamonin */ = {
			isa = PBXNativeTarget;
			buildConfigurationList = 77017660215246D80088EA42 /* Build configuration list for PBXNativeTarget "VKapp_AntonSamonin" */;
			buildPhases = (
				7701764A215246D60088EA42 /* Sources */,
				7701764B215246D60088EA42 /* Frameworks */,
				7701764C215246D60088EA42 /* Resources */,
			);
			buildRules = (
			);
			dependencies = (
			);
			name = VKapp_AntonSamonin;
			productName = VKapp_AntonSamonin;
			productReference = 7701764E215246D60088EA42 /* VKapp_AntonSamonin.app */;
			productType = "com.apple.product-type.application";
		};
/* End PBXNativeTarget section */

/* Begin PBXProject section */
		77017646215246D60088EA42 /* Project object */ = {
			isa = PBXProject;
			attributes = {
				LastSwiftUpdateCheck = 0940;
				LastUpgradeCheck = 0940;
				ORGANIZATIONNAME = AntCo;
				TargetAttributes = {
					7701764D215246D60088EA42 = {
						CreatedOnToolsVersion = 9.4.1;
						LastSwiftMigration = 1000;
					};
				};
			};
			buildConfigurationList = 77017649215246D60088EA42 /* Build configuration list for PBXProject "VKapp_AntonSamonin" */;
			compatibilityVersion = "Xcode 9.3";
			developmentRegion = en;
			hasScannedForEncodings = 0;
			knownRegions = (
				en,
				Base,
			);
			mainGroup = 77017645215246D60088EA42;
			productRefGroup = 7701764F215246D60088EA42 /* Products */;
			projectDirPath = "";
			projectRoot = "";
			targets = (
				7701764D215246D60088EA42 /* VKapp_AntonSamonin */,
			);
		};
/* End PBXProject section */

/* Begin PBXResourcesBuildPhase section */
		7701764C215246D60088EA42 /* Resources */ = {
			isa = PBXResourcesBuildPhase;
			buildActionMask = 2147483647;
			files = (
				7701765C215246D80088EA42 /* LaunchScreen.storyboard in Resources */,
				77017659215246D80088EA42 /* Assets.xcassets in Resources */,
				77017657215246D60088EA42 /* Main.storyboard in Resources */,
			);
			runOnlyForDeploymentPostprocessing = 0;
		};
/* End PBXResourcesBuildPhase section */

/* Begin PBXSourcesBuildPhase section */
		7701764A215246D60088EA42 /* Sources */ = {
			isa = PBXSourcesBuildPhase;
			buildActionMask = 2147483647;
			files = (
				7743B32A215A71A90060EA70 /* FriendsPhotoCell.swift in Sources */,
				7743B328215A71790060EA70 /* FriendsPhotoController.swift in Sources */,
				77551ADE216E0BD60048ECAD /* LikeControl.swift in Sources */,
				7743B323215A70250060EA70 /* AllGroupsController.swift in Sources */,
				7728517E216CD0C300D861B6 /* Group.swift in Sources */,
				77E9A8DE216D13FE005A52CE /* AvatarView.swift in Sources */,
				77017652215246D60088EA42 /* AppDelegate.swift in Sources */,
				7743B318215A6D300060EA70 /* MyFriendsController.swift in Sources */,
				7743B31E215A6ECD0060EA70 /* MyGroupsController.swift in Sources */,
				77017664215247290088EA42 /* LoginFormController.swift in Sources */,
				7743B31A215A6DC30060EA70 /* MyFriendsCell.swift in Sources */,
				7743B320215A6F590060EA70 /* MyGroupsCell.swift in Sources */,
				7743B325215A704A0060EA70 /* AllGroupsCell.swift in Sources */,
				77551AE0216E266B0048ECAD /* LikeButton.swift in Sources */,
				7728517C216CC7A900D861B6 /* Friend.swift in Sources */,
			);
			runOnlyForDeploymentPostprocessing = 0;
		};
/* End PBXSourcesBuildPhase section */

/* Begin PBXVariantGroup section */
		77017655215246D60088EA42 /* Main.storyboard */ = {
			isa = PBXVariantGroup;
			children = (
				77017656215246D60088EA42 /* Base */,
			);
			name = Main.storyboard;
			sourceTree = "<group>";
		};
		7701765A215246D80088EA42 /* LaunchScreen.storyboard */ = {
			isa = PBXVariantGroup;
			children = (
				7701765B215246D80088EA42 /* Base */,
			);
			name = LaunchScreen.storyboard;
			sourceTree = "<group>";
		};
/* End PBXVariantGroup section */

/* Begin XCBuildConfiguration section */
		7701765E215246D80088EA42 /* Debug */ = {
			isa = XCBuildConfiguration;
			buildSettings = {
				ALWAYS_SEARCH_USER_PATHS = NO;
				CLANG_ANALYZER_NONNULL = YES;
				CLANG_ANALYZER_NUMBER_OBJECT_CONVERSION = YES_AGGRESSIVE;
				CLANG_CXX_LANGUAGE_STANDARD = "gnu++14";
				CLANG_CXX_LIBRARY = "libc++";
				CLANG_ENABLE_MODULES = YES;
				CLANG_ENABLE_OBJC_ARC = YES;
				CLANG_ENABLE_OBJC_WEAK = YES;
				CLANG_WARN_BLOCK_CAPTURE_AUTORELEASING = YES;
				CLANG_WARN_BOOL_CONVERSION = YES;
				CLANG_WARN_COMMA = YES;
				CLANG_WARN_CONSTANT_CONVERSION = YES;
				CLANG_WARN_DEPRECATED_OBJC_IMPLEMENTATIONS = YES;
				CLANG_WARN_DIRECT_OBJC_ISA_USAGE = YES_ERROR;
				CLANG_WARN_DOCUMENTATION_COMMENTS = YES;
				CLANG_WARN_EMPTY_BODY = YES;
				CLANG_WARN_ENUM_CONVERSION = YES;
				CLANG_WARN_INFINITE_RECURSION = YES;
				CLANG_WARN_INT_CONVERSION = YES;
				CLANG_WARN_NON_LITERAL_NULL_CONVERSION = YES;
				CLANG_WARN_OBJC_IMPLICIT_RETAIN_SELF = YES;
				CLANG_WARN_OBJC_LITERAL_CONVERSION = YES;
				CLANG_WARN_OBJC_ROOT_CLASS = YES_ERROR;
				CLANG_WARN_RANGE_LOOP_ANALYSIS = YES;
				CLANG_WARN_STRICT_PROTOTYPES = YES;
				CLANG_WARN_SUSPICIOUS_MOVE = YES;
				CLANG_WARN_UNGUARDED_AVAILABILITY = YES_AGGRESSIVE;
				CLANG_WARN_UNREACHABLE_CODE = YES;
				CLANG_WARN__DUPLICATE_METHOD_MATCH = YES;
				CODE_SIGN_IDENTITY = "iPhone Developer";
				COPY_PHASE_STRIP = NO;
				DEBUG_INFORMATION_FORMAT = dwarf;
				ENABLE_STRICT_OBJC_MSGSEND = YES;
				ENABLE_TESTABILITY = YES;
				GCC_C_LANGUAGE_STANDARD = gnu11;
				GCC_DYNAMIC_NO_PIC = NO;
				GCC_NO_COMMON_BLOCKS = YES;
				GCC_OPTIMIZATION_LEVEL = 0;
				GCC_PREPROCESSOR_DEFINITIONS = (
					"DEBUG=1",
					"$(inherited)",
				);
				GCC_WARN_64_TO_32_BIT_CONVERSION = YES;
				GCC_WARN_ABOUT_RETURN_TYPE = YES_ERROR;
				GCC_WARN_UNDECLARED_SELECTOR = YES;
				GCC_WARN_UNINITIALIZED_AUTOS = YES_AGGRESSIVE;
				GCC_WARN_UNUSED_FUNCTION = YES;
				GCC_WARN_UNUSED_VARIABLE = YES;
				IPHONEOS_DEPLOYMENT_TARGET = 11.4;
				MTL_ENABLE_DEBUG_INFO = YES;
				ONLY_ACTIVE_ARCH = YES;
				SDKROOT = iphoneos;
				SWIFT_ACTIVE_COMPILATION_CONDITIONS = DEBUG;
				SWIFT_OPTIMIZATION_LEVEL = "-Onone";
			};
			name = Debug;
		};
		7701765F215246D80088EA42 /* Release */ = {
			isa = XCBuildConfiguration;
			buildSettings = {
				ALWAYS_SEARCH_USER_PATHS = NO;
				CLANG_ANALYZER_NONNULL = YES;
				CLANG_ANALYZER_NUMBER_OBJECT_CONVERSION = YES_AGGRESSIVE;
				CLANG_CXX_LANGUAGE_STANDARD = "gnu++14";
				CLANG_CXX_LIBRARY = "libc++";
				CLANG_ENABLE_MODULES = YES;
				CLANG_ENABLE_OBJC_ARC = YES;
				CLANG_ENABLE_OBJC_WEAK = YES;
				CLANG_WARN_BLOCK_CAPTURE_AUTORELEASING = YES;
				CLANG_WARN_BOOL_CONVERSION = YES;
				CLANG_WARN_COMMA = YES;
				CLANG_WARN_CONSTANT_CONVERSION = YES;
				CLANG_WARN_DEPRECATED_OBJC_IMPLEMENTATIONS = YES;
				CLANG_WARN_DIRECT_OBJC_ISA_USAGE = YES_ERROR;
				CLANG_WARN_DOCUMENTATION_COMMENTS = YES;
				CLANG_WARN_EMPTY_BODY = YES;
				CLANG_WARN_ENUM_CONVERSION = YES;
				CLANG_WARN_INFINITE_RECURSION = YES;
				CLANG_WARN_INT_CONVERSION = YES;
				CLANG_WARN_NON_LITERAL_NULL_CONVERSION = YES;
				CLANG_WARN_OBJC_IMPLICIT_RETAIN_SELF = YES;
				CLANG_WARN_OBJC_LITERAL_CONVERSION = YES;
				CLANG_WARN_OBJC_ROOT_CLASS = YES_ERROR;
				CLANG_WARN_RANGE_LOOP_ANALYSIS = YES;
				CLANG_WARN_STRICT_PROTOTYPES = YES;
				CLANG_WARN_SUSPICIOUS_MOVE = YES;
				CLANG_WARN_UNGUARDED_AVAILABILITY = YES_AGGRESSIVE;
				CLANG_WARN_UNREACHABLE_CODE = YES;
				CLANG_WARN__DUPLICATE_METHOD_MATCH = YES;
				CODE_SIGN_IDENTITY = "iPhone Developer";
				COPY_PHASE_STRIP = NO;
				DEBUG_INFORMATION_FORMAT = "dwarf-with-dsym";
				ENABLE_NS_ASSERTIONS = NO;
				ENABLE_STRICT_OBJC_MSGSEND = YES;
				GCC_C_LANGUAGE_STANDARD = gnu11;
				GCC_NO_COMMON_BLOCKS = YES;
				GCC_WARN_64_TO_32_BIT_CONVERSION = YES;
				GCC_WARN_ABOUT_RETURN_TYPE = YES_ERROR;
				GCC_WARN_UNDECLARED_SELECTOR = YES;
				GCC_WARN_UNINITIALIZED_AUTOS = YES_AGGRESSIVE;
				GCC_WARN_UNUSED_FUNCTION = YES;
				GCC_WARN_UNUSED_VARIABLE = YES;
				IPHONEOS_DEPLOYMENT_TARGET = 11.4;
				MTL_ENABLE_DEBUG_INFO = NO;
				SDKROOT = iphoneos;
				SWIFT_COMPILATION_MODE = wholemodule;
				SWIFT_OPTIMIZATION_LEVEL = "-O";
				VALIDATE_PRODUCT = YES;
			};
			name = Release;
		};
		77017661215246D80088EA42 /* Debug */ = {
			isa = XCBuildConfiguration;
			buildSettings = {
				ASSETCATALOG_COMPILER_APPICON_NAME = AppIcon;
				CODE_SIGN_STYLE = Automatic;
				DEVELOPMENT_TEAM = 5LSFA45H82;
				INFOPLIST_FILE = VKapp_AntonSamonin/Info.plist;
				LD_RUNPATH_SEARCH_PATHS = (
					"$(inherited)",
					"@executable_path/Frameworks",
				);
				PRODUCT_BUNDLE_IDENTIFIER = "AntCo.VKapp-AntonSamonin";
				PRODUCT_NAME = "$(TARGET_NAME)";
				SWIFT_VERSION = 4.2;
				TARGETED_DEVICE_FAMILY = "1,2";
			};
			name = Debug;
		};
		77017662215246D80088EA42 /* Release */ = {
			isa = XCBuildConfiguration;
			buildSettings = {
				ASSETCATALOG_COMPILER_APPICON_NAME = AppIcon;
				CODE_SIGN_STYLE = Automatic;
				DEVELOPMENT_TEAM = 5LSFA45H82;
				INFOPLIST_FILE = VKapp_AntonSamonin/Info.plist;
				LD_RUNPATH_SEARCH_PATHS = (
					"$(inherited)",
					"@executable_path/Frameworks",
				);
				PRODUCT_BUNDLE_IDENTIFIER = "AntCo.VKapp-AntonSamonin";
				PRODUCT_NAME = "$(TARGET_NAME)";
				SWIFT_VERSION = 4.2;
				TARGETED_DEVICE_FAMILY = "1,2";
			};
			name = Release;
		};
/* End XCBuildConfiguration section */

/* Begin XCConfigurationList section */
		77017649215246D60088EA42 /* Build configuration list for PBXProject "VKapp_AntonSamonin" */ = {
			isa = XCConfigurationList;
			buildConfigurations = (
				7701765E215246D80088EA42 /* Debug */,
				7701765F215246D80088EA42 /* Release */,
			);
			defaultConfigurationIsVisible = 0;
			defaultConfigurationName = Release;
		};
		77017660215246D80088EA42 /* Build configuration list for PBXNativeTarget "VKapp_AntonSamonin" */ = {
			isa = XCConfigurationList;
			buildConfigurations = (
				77017661215246D80088EA42 /* Debug */,
				77017662215246D80088EA42 /* Release */,
			);
			defaultConfigurationIsVisible = 0;
			defaultConfigurationName = Release;
		};
/* End XCConfigurationList section */
	};
	rootObject = 77017646215246D60088EA42 /* Project object */;
}
